schema: '2.0'
stages:
  prepare:
    cmd: python src/prepare.py
    deps:
    - path: src/prepare.py
      hash: md5
      md5: 8d6ea94b8174a3186313009ef5650a2b
      size: 468
    outs:
    - path: data/raw
      hash: md5
      md5: 23b0000338669d2c61217dbd94633aa0.dir
      size: 54950512
      nfiles: 4
  preprocess:
    cmd: python src/preprocess.py
    deps:
    - path: data/raw
      hash: md5
      md5: 23b0000338669d2c61217dbd94633aa0.dir
      size: 54950512
      nfiles: 4
    - path: src/preprocess.py
      hash: md5
      md5: ac399f0981ec5e366eed0dd4a0428d16
      size: 1205
    params:
      params.yaml:
        preprocess.seed: 42
        preprocess.test_size: 0.1
    outs:
    - path: data/processed
      hash: md5
      md5: e6ef531894937986bc38434d22691abb.dir
      size: 219590768
      nfiles: 6
  train:
    cmd: python src/train.py
    deps:
    - path: data/processed
      hash: md5
      md5: e6ef531894937986bc38434d22691abb.dir
      size: 219590768
      nfiles: 6
    - path: src/train.py
      hash: md5
      md5: 976f5647c39f92894afaea4913935443
      size: 1435
    params:
      params.yaml:
        train.batch_size: 32
        train.dense_units: 256
        train.dropout_rate: 0.2
        train.epochs: 10
        train.learning_rate: 0.001
    outs:
    - path: models/history.csv
      hash: md5
      md5: fbe97233d7901045c8b11a99e9a0fc2e
      size: 818
    - path: models/model.h5
      hash: md5
      md5: a83b199fee0762a7bd478424f775a969
      size: 2466904
  evaluate:
    cmd: python src/evaluate.py
    deps:
    - path: data/processed
      hash: md5
      md5: e6ef531894937986bc38434d22691abb.dir
      size: 219590768
      nfiles: 6
    - path: models/model.h5
      hash: md5
      md5: a83b199fee0762a7bd478424f775a969
      size: 2466904
    - path: src/evaluate.py
      hash: md5
      md5: 99436118e7297608399fd9bd0e624d86
      size: 1130
    outs:
    - path: confusion_matrix.png
      hash: md5
      md5: ca12bd686c2d5b7cb91363d4fbffe908
      size: 39871
    - path: metrics.json
      hash: md5
      md5: 5f0684f47fbba1dbfdd4bf4522be6e40
      size: 83
